
Microsoft Visual Studio Solution File, Format Version 12.00
# Visual Studio Version 17
VisualStudioVersion = 17.0.31903.59
MinimumVisualStudioVersion = 10.0.40219.1
Project("{FAE04EC0-301F-11D3-BF4B-00C04F79EFBC}") = "DotNaut.Web.Browser.Labs", "DotNaut.Web.Browser.Labs\DotNaut.Web.Browser.Labs.csproj", "{D948E953-4A6B-4F19-9988-7EFE662AAAF9}"
EndProject
Project("{FAE04EC0-301F-11D3-BF4B-00C04F79EFBC}") = "DotNaut.Specs", "DotNaut.Specs\DotNaut.Specs.csproj", "{8792E449-405D-49CA-947C-20CD02CCDED4}"
EndProject
Project("{FAE04EC0-301F-11D3-BF4B-00C04F79EFBC}") = "DotNaut", "DotNaut\DotNaut.csproj", "{A685EBDD-B49D-4B44-A8C2-50EAE6A2506D}"
EndProject
Project("{FAE04EC0-301F-11D3-BF4B-00C04F79EFBC}") = "DotNaut.Course", "DotNaut.Course\DotNaut.Course.csproj", "{6EBDE371-4104-495D-A7C8-626E8920E6D9}"
EndProject
Project("{FAE04EC0-301F-11D3-BF4B-00C04F79EFBC}") = "DotNaut.Specs.Components", "..\..\gtds\gtds\DotNaut.Forge\DotNaut.Specs.Components\DotNaut.Specs.Components.csproj", "{3B5FED4F-75F2-718A-FFE5-15802DEFC48C}"
EndProject
Project("{FAE04EC0-301F-11D3-BF4B-00C04F79EFBC}") = "DotNaut.Data", "DotNaut.Data\DotNaut.Data.csproj", "{F2A3DA3C-C5C9-0583-B91B-F7910E1A903F}"
EndProject
Global
	GlobalSection(SolutionConfigurationPlatforms) = preSolution
		Debug|Any CPU = Debug|Any CPU
		Release|Any CPU = Release|Any CPU
	EndGlobalSection
	GlobalSection(ProjectConfigurationPlatforms) = postSolution
		{D948E953-4A6B-4F19-9988-7EFE662AAAF9}.Debug|Any CPU.ActiveCfg = Debug|Any CPU
		{D948E953-4A6B-4F19-9988-7EFE662AAAF9}.Debug|Any CPU.Build.0 = Debug|Any CPU
		{D948E953-4A6B-4F19-9988-7EFE662AAAF9}.Release|Any CPU.ActiveCfg = Release|Any CPU
		{D948E953-4A6B-4F19-9988-7EFE662AAAF9}.Release|Any CPU.Build.0 = Release|Any CPU
		{8792E449-405D-49CA-947C-20CD02CCDED4}.Debug|Any CPU.ActiveCfg = Debug|Any CPU
		{8792E449-405D-49CA-947C-20CD02CCDED4}.Debug|Any CPU.Build.0 = Debug|Any CPU
		{8792E449-405D-49CA-947C-20CD02CCDED4}.Release|Any CPU.ActiveCfg = Release|Any CPU
		{8792E449-405D-49CA-947C-20CD02CCDED4}.Release|Any CPU.Build.0 = Release|Any CPU
		{A685EBDD-B49D-4B44-A8C2-50EAE6A2506D}.Debug|Any CPU.ActiveCfg = Debug|Any CPU
		{A685EBDD-B49D-4B44-A8C2-50EAE6A2506D}.Debug|Any CPU.Build.0 = Debug|Any CPU
		{A685EBDD-B49D-4B44-A8C2-50EAE6A2506D}.Release|Any CPU.ActiveCfg = Release|Any CPU
		{A685EBDD-B49D-4B44-A8C2-50EAE6A2506D}.Release|Any CPU.Build.0 = Release|Any CPU
		{6EBDE371-4104-495D-A7C8-626E8920E6D9}.Debug|Any CPU.ActiveCfg = Debug|Any CPU
		{6EBDE371-4104-495D-A7C8-626E8920E6D9}.Debug|Any CPU.Build.0 = Debug|Any CPU
		{6EBDE371-4104-495D-A7C8-626E8920E6D9}.Release|Any CPU.ActiveCfg = Release|Any CPU
		{6EBDE371-4104-495D-A7C8-626E8920E6D9}.Release|Any CPU.Build.0 = Release|Any CPU
		{3B5FED4F-75F2-718A-FFE5-15802DEFC48C}.Debug|Any CPU.ActiveCfg = Debug|Any CPU
		{3B5FED4F-75F2-718A-FFE5-15802DEFC48C}.Debug|Any CPU.Build.0 = Debug|Any CPU
		{3B5FED4F-75F2-718A-FFE5-15802DEFC48C}.Release|Any CPU.ActiveCfg = Release|Any CPU
		{3B5FED4F-75F2-718A-FFE5-15802DEFC48C}.Release|Any CPU.Build.0 = Release|Any CPU
		{F2A3DA3C-C5C9-0583-B91B-F7910E1A903F}.Debug|Any CPU.ActiveCfg = Debug|Any CPU
		{F2A3DA3C-C5C9-0583-B91B-F7910E1A903F}.Debug|Any CPU.Build.0 = Debug|Any CPU
		{F2A3DA3C-C5C9-0583-B91B-F7910E1A903F}.Release|Any CPU.ActiveCfg = Release|Any CPU
		{F2A3DA3C-C5C9-0583-B91B-F7910E1A903F}.Release|Any CPU.Build.0 = Release|Any CPU
	EndGlobalSection
	GlobalSection(SolutionProperties) = preSolution
		HideSolutionNode = FALSE
	EndGlobalSection
	GlobalSection(ExtensibilityGlobals) = postSolution
		SolutionGuid = {C3AEC4C9-4597-4931-A6DE-884DC3358720}
	EndGlobalSection
EndGlobal
